// !$*UTF8*$!
{
	archiveVersion = 1;
	classes = {
	};
	objectVersion = 46;
	objects = {

/* Begin PBXBuildFile section */
		FDD351FF1C10D5FE00E2693D /* AppDelegate.swift in Sources */ = {isa = PBXBuildFile; fileRef = FDD351FE1C10D5FE00E2693D /* AppDelegate.swift */; };
		FDD352011C10D5FE00E2693D /* ViewController.swift in Sources */ = {isa = PBXBuildFile; fileRef = FDD352001C10D5FE00E2693D /* ViewController.swift */; };
		FDD352041C10D5FF00E2693D /* Main.storyboard in Resources */ = {isa = PBXBuildFile; fileRef = FDD352021C10D5FF00E2693D /* Main.storyboard */; };
		FDD352061C10D5FF00E2693D /* Assets.xcassets in Resources */ = {isa = PBXBuildFile; fileRef = FDD352051C10D5FF00E2693D /* Assets.xcassets */; };
		FDD352091C10D5FF00E2693D /* LaunchScreen.storyboard in Resources */ = {isa = PBXBuildFile; fileRef = FDD352071C10D5FF00E2693D /* LaunchScreen.storyboard */; };
/* End PBXBuildFile section */

/* Begin PBXFileReference section */
		FDD351FB1C10D5FE00E2693D /* SuperCool.app */ = {isa = PBXFileReference; explicitFileType = wrapper.application; includeInIndex = 0; path = SuperCool.app; sourceTree = BUILT_PRODUCTS_DIR; };
		FDD351FE1C10D5FE00E2693D /* AppDelegate.swift */ = {isa = PBXFileReference; lastKnownFileType = sourcecode.swift; path = AppDelegate.swift; sourceTree = "<group>"; };
		FDD352001C10D5FE00E2693D /* ViewController.swift */ = {isa = PBXFileReference; lastKnownFileType = sourcecode.swift; path = ViewController.swift; sourceTree = "<group>"; };
		FDD352031C10D5FF00E2693D /* Base */ = {isa = PBXFileReference; lastKnownFileType = file.storyboard; name = Base; path = Base.lproj/Main.storyboard; sourceTree = "<group>"; };
		FDD352051C10D5FF00E2693D /* Assets.xcassets */ = {isa = PBXFileReference; lastKnownFileType = folder.assetcatalog; path = Assets.xcassets; sourceTree = "<group>"; };
		FDD352081C10D5FF00E2693D /* Base */ = {isa = PBXFileReference; lastKnownFileType = file.storyboard; name = Base; path = Base.lproj/LaunchScreen.storyboard; sourceTree = "<group>"; };
		FDD3520A1C10D5FF00E2693D /* Info.plist */ = {isa = PBXFileReference; lastKnownFileType = text.plist.xml; path = Info.plist; sourceTree = "<group>"; };
/* End PBXFileReference section */

/* Begin PBXFrameworksBuildPhase section */
		FDD351F81C10D5FE00E2693D /* Frameworks */ = {
			isa = PBXFrameworksBuildPhase;
			buildActionMask = 2147483647;
			files = (
			);
			runOnlyForDeploymentPostprocessing = 0;
		};
/* End PBXFrameworksBuildPhase section */

/* Begin PBXGroup section */
		FDD351F21C10D5FE00E2693D = {
			isa = PBXGroup;
			children = (
				FDD351FD1C10D5FE00E2693D /* SuperCool */,
				FDD351FC1C10D5FE00E2693D /* Products */,
			);
			sourceTree = "<group>";
		};
		FDD351FC1C10D5FE00E2693D /* Products */ = {
			isa = PBXGroup;
			children = (
				FDD351FB1C10D5FE00E2693D /* SuperCool.app */,
			);
			name = Products;
			sourceTree = "<group>";
		};
		FDD351FD1C10D5FE00E2693D /* SuperCool */ = {
			isa = PBXGroup;
			children = (
				FDD351FE1C10D5FE00E2693D /* AppDelegate.swift */,
				FDD352001C10D5FE00E2693D /* ViewController.swift */,
				FDD352021C10D5FF00E2693D /* Main.storyboard */,
				FDD352051C10D5FF00E2693D /* Assets.xcassets */,
				FDD352071C10D5FF00E2693D /* LaunchScreen.storyboard */,
				FDD3520A1C10D5FF00E2693D /* Info.plist */,
			);
			path = SuperCool;
			sourceTree = "<group>";
		};
/* End PBXGroup section */

/* Begin PBXNativeTarget section */
		FDD351FA1C10D5FE00E2693D /* SuperCool */ = {
			isa = PBXNativeTarget;
			buildConfigurationList = FDD3520D1C10D5FF00E2693D /* Build configuration list for PBXNativeTarget "SuperCool" */;
			buildPhases = (
				FDD351F71C10D5FE00E2693D /* Sources */,
				FDD351F81C10D5FE00E2693D /* Frameworks */,
				FDD351F91C10D5FE00E2693D /* Resources */,
			);
			buildRules = (
			);
			dependencies = (
			);
			name = SuperCool;
			productName = SuperCool;
			productReference = FDD351FB1C10D5FE00E2693D /* SuperCool.app */;
			productType = "com.apple.product-type.application";
		};
/* End PBXNativeTarget section */

/* Begin PBXProject section */
		FDD351F31C10D5FE00E2693D /* Project object */ = {
			isa = PBXProject;
			attributes = {
				LastSwiftUpdateCheck = 0710;
				LastUpgradeCheck = 0710;
				ORGANIZATIONNAME = "Trevor Flynn";
				TargetAttributes = {
					FDD351FA1C10D5FE00E2693D = {
						CreatedOnToolsVersion = 7.1.1;
					};
				};
			};
			buildConfigurationList = FDD351F61C10D5FE00E2693D /* Build configuration list for PBXProject "SuperCool" */;
			compatibilityVersion = "Xcode 3.2";
			developmentRegion = English;
			hasScannedForEncodings = 0;
			knownRegions = (
				en,
				Base,
			);
			mainGroup = FDD351F21C10D5FE00E2693D;
			productRefGroup = FDD351FC1C10D5FE00E2693D /* Products */;
			projectDirPath = "";
			projectRoot = "";
			targets = (
				FDD351FA1C10D5FE00E2693D /* SuperCool */,
			);
		};
/* End PBXProject section */

/* Begin PBXResourcesBuildPhase section */
		FDD351F91C10D5FE00E2693D /* Resources */ = {
			isa = PBXResourcesBuildPhase;
			buildActionMask = 2147483647;
			files = (
				FDD352091C10D5FF00E2693D /* LaunchScreen.storyboard in Resources */,
				FDD352061C10D5FF00E2693D /* Assets.xcassets in Resources */,
				FDD352041C10D5FF00E2693D /* Main.storyboard in Resources */,
			);
			runOnlyForDeploymentPostprocessing = 0;
		};
/* End PBXResourcesBuildPhase section */

/* Begin PBXSourcesBuildPhase section */
		FDD351F71C10D5FE00E2693D /* Sources */ = {
			isa = PBXSourcesBuildPhase;
			buildActionMask = 2147483647;
			files = (
				FDD352011C10D5FE00E2693D /* ViewController.swift in Sources */,
				FDD351FF1C10D5FE00E2693D /* AppDelegate.swift in Sources */,
			);
			runOnlyForDeploymentPostprocessing = 0;
		};
/* End PBXSourcesBuildPhase section */

/* Begin PBXVariantGroup section */
		FDD352021C10D5FF00E2693D /* Main.storyboard */ = {
			isa = PBXVariantGroup;
			children = (
				FDD352031C10D5FF00E2693D /* Base */,
			);
			name = Main.storyboard;
			sourceTree = "<group>";
		};
		FDD352071C10D5FF00E2693D /* LaunchScreen.storyboard */ = {
			isa = PBXVariantGroup;
			children = (
				FDD352081C10D5FF00E2693D /* Base */,
			);
			name = LaunchScreen.storyboard;
			sourceTree = "<group>";
		};
/* End PBXVariantGroup section */

/* Begin XCBuildConfiguration section */
		FDD3520B1C10D5FF00E2693D /* Debug */ = {
			isa = XCBuildConfiguration;
			buildSettings = {
				ALWAYS_SEARCH_USER_PATHS = NO;
				CLANG_CXX_LANGUAGE_STANDARD = "gnu++0x";
				CLANG_CXX_LIBRARY = "libc++";
				CLANG_ENABLE_MODULES = YES;
				CLANG_ENABLE_OBJC_ARC = YES;
				CLANG_WARN_BOOL_CONVERSION = YES;
				CLANG_WARN_CONSTANT_CONVERSION = YES;
				CLANG_WARN_DIRECT_OBJC_ISA_USAGE = YES_ERROR;
				CLANG_WARN_EMPTY_BODY = YES;
				CLANG_WARN_ENUM_CONVERSION = YES;
				CLANG_WARN_INT_CONVERSION = YES;
				CLANG_WARN_OBJC_ROOT_CLASS = YES_ERROR;
				CLANG_WARN_UNREACHABLE_CODE = YES;
				CLANG_WARN__DUPLICATE_METHOD_MATCH = YES;
				"CODE_SIGN_IDENTITY[sdk=iphoneos*]" = "iPhone Developer";
				COPY_PHASE_STRIP = NO;
				DEBUG_INFORMATION_FORMAT = dwarf;
				ENABLE_STRICT_OBJC_MSGSEND = YES;
				ENABLE_TESTABILITY = YES;
				GCC_C_LANGUAGE_STANDARD = gnu99;
				GCC_DYNAMIC_NO_PIC = NO;
				GCC_NO_COMMON_BLOCKS = YES;
				GCC_OPTIMIZATION_LEVEL = 0;
				GCC_PREPROCESSOR_DEFINITIONS = (
					"DEBUG=1",
					"$(inherited)",
				);
				GCC_WARN_64_TO_32_BIT_CONVERSION = YES;
				GCC_WARN_ABOUT_RETURN_TYPE = YES_ERROR;
				GCC_WARN_UNDECLARED_SELECTOR = YES;
				GCC_WARN_UNINITIALIZED_AUTOS = YES_AGGRESSIVE;
				GCC_WARN_UNUSED_FUNCTION = YES;
				GCC_WARN_UNUSED_VARIABLE = YES;
				IPHONEOS_DEPLOYMENT_TARGET = 9.1;
				MTL_ENABLE_DEBUG_INFO = YES;
				ONLY_ACTIVE_ARCH = YES;
				SDKROOT = iphoneos;
				SWIFT_OPTIMIZATION_LEVEL = "-Onone";
			};
			name = Debug;
		};
		FDD3520C1C10D5FF00E2693D /* Release */ = {
			isa = XCBuildConfiguration;
			buildSettings = {
				ALWAYS_SEARCH_USER_PATHS = NO;
				CLANG_CXX_LANGUAGE_STANDARD = "gnu++0x";
				CLANG_CXX_LIBRARY = "libc++";
				CLANG_ENABLE_MODULES = YES;
				CLANG_ENABLE_OBJC_ARC = YES;
				CLANG_WARN_BOOL_CONVERSION = YES;
				CLANG_WARN_CONSTANT_CONVERSION = YES;
				CLANG_WARN_DIRECT_OBJC_ISA_USAGE = YES_ERROR;
				CLANG_WARN_EMPTY_BODY = YES;
				CLANG_WARN_ENUM_CONVERSION = YES;
				CLANG_WARN_INT_CONVERSION = YES;
				CLANG_WARN_OBJC_ROOT_CLASS = YES_ERROR;
				CLANG_WARN_UNREACHABLE_CODE = YES;
				CLANG_WARN__DUPLICATE_METHOD_MATCH = YES;
				"CODE_SIGN_IDENTITY[sdk=iphoneos*]" = "iPhone Developer";
				COPY_PHASE_STRIP = NO;
				DEBUG_INFORMATION_FORMAT = "dwarf-with-dsym";
				ENABLE_NS_ASSERTIONS = NO;
				ENABLE_STRICT_OBJC_MSGSEND = YES;
				GCC_C_LANGUAGE_STANDARD = gnu99;
				GCC_NO_COMMON_BLOCKS = YES;
				GCC_WARN_64_TO_32_BIT_CONVERSION = YES;
				GCC_WARN_ABOUT_RETURN_TYPE = YES_ERROR;
				GCC_WARN_UNDECLARED_SELECTOR = YES;
				GCC_WARN_UNINITIALIZED_AUTOS = YES_AGGRESSIVE;
				GCC_WARN_UNUSED_FUNCTION = YES;
				GCC_WARN_UNUSED_VARIABLE = YES;
				IPHONEOS_DEPLOYMENT_TARGET = 9.1;
				MTL_ENABLE_DEBUG_INFO = NO;
				SDKROOT = iphoneos;
				VALIDATE_PRODUCT = YES;
			};
			name = Release;
		};
		FDD3520E1C10D5FF00E2693D /* Debug */ = {
			isa = XCBuildConfiguration;
			buildSettings = {
				ASSETCATALOG_COMPILER_APPICON_NAME = AppIcon;
				INFOPLIST_FILE = SuperCool/Info.plist;
				LD_RUNPATH_SEARCH_PATHS = "$(inherited) @executable_path/Frameworks";
				PRODUCT_BUNDLE_IDENTIFIER = com.trevorflynn.SuperCool;
				PRODUCT_NAME = "$(TARGET_NAME)";
			};
			name = Debug;
		};
		FDD3520F1C10D5FF00E2693D /* Release */ = {
			isa = XCBuildConfiguration;
			buildSettings = {
				ASSETCATALOG_COMPILER_APPICON_NAME = AppIcon;
				INFOPLIST_FILE = SuperCool/Info.plist;
				LD_RUNPATH_SEARCH_PATHS = "$(inherited) @executable_path/Frameworks";
				PRODUCT_BUNDLE_IDENTIFIER = com.trevorflynn.SuperCool;
				PRODUCT_NAME = "$(TARGET_NAME)";
			};
			name = Release;
		};
/* End XCBuildConfiguration section */

/* Begin XCConfigurationList section */
		FDD351F61C10D5FE00E2693D /* Build configuration list for PBXProject "SuperCool" */ = {
			isa = XCConfigurationList;
			buildConfigurations = (
				FDD3520B1C10D5FF00E2693D /* Debug */,
				FDD3520C1C10D5FF00E2693D /* Release */,
			);
			defaultConfigurationIsVisible = 0;
			defaultConfigurationName = Release;
		};
		FDD3520D1C10D5FF00E2693D /* Build configuration list for PBXNativeTarget "SuperCool" */ = {
			isa = XCConfigurationList;
			buildConfigurations = (
				FDD3520E1C10D5FF00E2693D /* Debug */,
				FDD3520F1C10D5FF00E2693D /* Release */,
			);
			defaultConfigurationIsVisible = 0;
		};
/* End XCConfigurationList section */
	};
	rootObject = FDD351F31C10D5FE00E2693D /* Project object */;
}
